<?xml version="1.0" encoding="UTF-8"?>
<Scheme
   version = "1.3">
   <BuildAction>
      <BuildActionEntries>
         <BuildActionEntry
            buildForRunning = "YES">
            <BuildableReference
               BuildableIdentifier = "primary"
               BlueprintIdentifier = "CD7F70ADFC6D54D0481A1DDC"
               BuildableName = "FacebookCloneFeed.app"
               BlueprintName = "FacebookCloneFeed"
               ReferencedContainer = "container:FacebookCloneFeed.xcodeproj">
            </BuildableReference>
         </BuildActionEntry>
      </BuildActionEntries>
   </BuildAction>
   <LaunchAction
      useCustomWorkingDirectory = "NO"
      buildConfiguration = "Debug"
      allowLocationSimulation = "YES">
      <BuildableProductRunnable>
         <BuildableReference
            BuildableIdentifier = "primary"
            BlueprintIdentifier = "CD7F70ADFC6D54D0481A1DDC"
            BuildableName = "FacebookCloneFeed.app"
            BlueprintName = "FacebookCloneFeed"
            ReferencedContainer = "container:FacebookCloneFeed.xcodeproj">
         </BuildableReference>
      </BuildableProductRunnable>
   </LaunchAction>
</Scheme>
